
Microsoft Visual Studio Solution File, Format Version 12.00
# Visual Studio 15
VisualStudioVersion = 15.0.26124.0
MinimumVisualStudioVersion = 15.0.26124.0
Project("{FAE04EC0-301F-11D3-BF4B-00C04F79EFBC}") = "Text", "Text\Text.csproj", "{874FAFA2-CEF1-4EAC-B762-1966A2E31EDB}"
EndProject
Project("{FAE04EC0-301F-11D3-BF4B-00C04F79EFBC}") = "Text.Tests", "Text.Tests\Text.Tests.csproj", "{DC654E8F-E53D-493C-A95D-9CF00BB7319E}"
EndProject
Global
	GlobalSection(SolutionConfigurationPlatforms) = preSolution
		Debug|Any CPU = Debug|Any CPU
		Debug|x64 = Debug|x64
		Debug|x86 = Debug|x86
		Release|Any CPU = Release|Any CPU
		Release|x64 = Release|x64
		Release|x86 = Release|x86
	EndGlobalSection
	GlobalSection(SolutionProperties) = preSolution
		HideSolutionNode = FALSE
	EndGlobalSection
	GlobalSection(ProjectConfigurationPlatforms) = postSolution
		{874FAFA2-CEF1-4EAC-B762-1966A2E31EDB}.Debug|Any CPU.ActiveCfg = Debug|Any CPU
		{874FAFA2-CEF1-4EAC-B762-1966A2E31EDB}.Debug|Any CPU.Build.0 = Debug|Any CPU
		{874FAFA2-CEF1-4EAC-B762-1966A2E31EDB}.Debug|x64.ActiveCfg = Debug|Any CPU
		{874FAFA2-CEF1-4EAC-B762-1966A2E31EDB}.Debug|x64.Build.0 = Debug|Any CPU
		{874FAFA2-CEF1-4EAC-B762-1966A2E31EDB}.Debug|x86.ActiveCfg = Debug|Any CPU
		{874FAFA2-CEF1-4EAC-B762-1966A2E31EDB}.Debug|x86.Build.0 = Debug|Any CPU
		{874FAFA2-CEF1-4EAC-B762-1966A2E31EDB}.Release|Any CPU.ActiveCfg = Release|Any CPU
		{874FAFA2-CEF1-4EAC-B762-1966A2E31EDB}.Release|Any CPU.Build.0 = Release|Any CPU
		{874FAFA2-CEF1-4EAC-B762-1966A2E31EDB}.Release|x64.ActiveCfg = Release|Any CPU
		{874FAFA2-CEF1-4EAC-B762-1966A2E31EDB}.Release|x64.Build.0 = Release|Any CPU
		{874FAFA2-CEF1-4EAC-B762-1966A2E31EDB}.Release|x86.ActiveCfg = Release|Any CPU
		{874FAFA2-CEF1-4EAC-B762-1966A2E31EDB}.Release|x86.Build.0 = Release|Any CPU
		{DC654E8F-E53D-493C-A95D-9CF00BB7319E}.Debug|Any CPU.ActiveCfg = Debug|Any CPU
		{DC654E8F-E53D-493C-A95D-9CF00BB7319E}.Debug|Any CPU.Build.0 = Debug|Any CPU
		{DC654E8F-E53D-493C-A95D-9CF00BB7319E}.Debug|x64.ActiveCfg = Debug|Any CPU
		{DC654E8F-E53D-493C-A95D-9CF00BB7319E}.Debug|x64.Build.0 = Debug|Any CPU
		{DC654E8F-E53D-493C-A95D-9CF00BB7319E}.Debug|x86.ActiveCfg = Debug|Any CPU
		{DC654E8F-E53D-493C-A95D-9CF00BB7319E}.Debug|x86.Build.0 = Debug|Any CPU
		{DC654E8F-E53D-493C-A95D-9CF00BB7319E}.Release|Any CPU.ActiveCfg = Release|Any CPU
		{DC654E8F-E53D-493C-A95D-9CF00BB7319E}.Release|Any CPU.Build.0 = Release|Any CPU
		{DC654E8F-E53D-493C-A95D-9CF00BB7319E}.Release|x64.ActiveCfg = Release|Any CPU
		{DC654E8F-E53D-493C-A95D-9CF00BB7319E}.Release|x64.Build.0 = Release|Any CPU
		{DC654E8F-E53D-493C-A95D-9CF00BB7319E}.Release|x86.ActiveCfg = Release|Any CPU
		{DC654E8F-E53D-493C-A95D-9CF00BB7319E}.Release|x86.Build.0 = Release|Any CPU
	EndGlobalSection
EndGlobal
