
Microsoft Visual Studio Solution File, Format Version 12.00
# Visual Studio 15
VisualStudioVersion = 15.0.26124.0
MinimumVisualStudioVersion = 15.0.26124.0
Project("{FAE04EC0-301F-11D3-BF4B-00C04F79EFBC}") = "MyMath", "MyMath\MyMath.csproj", "{A6EF317A-3053-4FC4-BAB2-B5D91A76775C}"
EndProject
Project("{FAE04EC0-301F-11D3-BF4B-00C04F79EFBC}") = "MyMath.Tests", "MyMath.Tests\MyMath.Tests.csproj", "{CF13335E-0F78-4305-B261-B9DA4A74BB0C}"
EndProject
Global
	GlobalSection(SolutionConfigurationPlatforms) = preSolution
		Debug|Any CPU = Debug|Any CPU
		Debug|x64 = Debug|x64
		Debug|x86 = Debug|x86
		Release|Any CPU = Release|Any CPU
		Release|x64 = Release|x64
		Release|x86 = Release|x86
	EndGlobalSection
	GlobalSection(SolutionProperties) = preSolution
		HideSolutionNode = FALSE
	EndGlobalSection
	GlobalSection(ProjectConfigurationPlatforms) = postSolution
		{A6EF317A-3053-4FC4-BAB2-B5D91A76775C}.Debug|Any CPU.ActiveCfg = Debug|Any CPU
		{A6EF317A-3053-4FC4-BAB2-B5D91A76775C}.Debug|Any CPU.Build.0 = Debug|Any CPU
		{A6EF317A-3053-4FC4-BAB2-B5D91A76775C}.Debug|x64.ActiveCfg = Debug|Any CPU
		{A6EF317A-3053-4FC4-BAB2-B5D91A76775C}.Debug|x64.Build.0 = Debug|Any CPU
		{A6EF317A-3053-4FC4-BAB2-B5D91A76775C}.Debug|x86.ActiveCfg = Debug|Any CPU
		{A6EF317A-3053-4FC4-BAB2-B5D91A76775C}.Debug|x86.Build.0 = Debug|Any CPU
		{A6EF317A-3053-4FC4-BAB2-B5D91A76775C}.Release|Any CPU.ActiveCfg = Release|Any CPU
		{A6EF317A-3053-4FC4-BAB2-B5D91A76775C}.Release|Any CPU.Build.0 = Release|Any CPU
		{A6EF317A-3053-4FC4-BAB2-B5D91A76775C}.Release|x64.ActiveCfg = Release|Any CPU
		{A6EF317A-3053-4FC4-BAB2-B5D91A76775C}.Release|x64.Build.0 = Release|Any CPU
		{A6EF317A-3053-4FC4-BAB2-B5D91A76775C}.Release|x86.ActiveCfg = Release|Any CPU
		{A6EF317A-3053-4FC4-BAB2-B5D91A76775C}.Release|x86.Build.0 = Release|Any CPU
		{CF13335E-0F78-4305-B261-B9DA4A74BB0C}.Debug|Any CPU.ActiveCfg = Debug|Any CPU
		{CF13335E-0F78-4305-B261-B9DA4A74BB0C}.Debug|Any CPU.Build.0 = Debug|Any CPU
		{CF13335E-0F78-4305-B261-B9DA4A74BB0C}.Debug|x64.ActiveCfg = Debug|Any CPU
		{CF13335E-0F78-4305-B261-B9DA4A74BB0C}.Debug|x64.Build.0 = Debug|Any CPU
		{CF13335E-0F78-4305-B261-B9DA4A74BB0C}.Debug|x86.ActiveCfg = Debug|Any CPU
		{CF13335E-0F78-4305-B261-B9DA4A74BB0C}.Debug|x86.Build.0 = Debug|Any CPU
		{CF13335E-0F78-4305-B261-B9DA4A74BB0C}.Release|Any CPU.ActiveCfg = Release|Any CPU
		{CF13335E-0F78-4305-B261-B9DA4A74BB0C}.Release|Any CPU.Build.0 = Release|Any CPU
		{CF13335E-0F78-4305-B261-B9DA4A74BB0C}.Release|x64.ActiveCfg = Release|Any CPU
		{CF13335E-0F78-4305-B261-B9DA4A74BB0C}.Release|x64.Build.0 = Release|Any CPU
		{CF13335E-0F78-4305-B261-B9DA4A74BB0C}.Release|x86.ActiveCfg = Release|Any CPU
		{CF13335E-0F78-4305-B261-B9DA4A74BB0C}.Release|x86.Build.0 = Release|Any CPU
	EndGlobalSection
EndGlobal
